
Microsoft Visual Studio Solution File, Format Version 12.00
# Visual Studio Version 17
VisualStudioVersion = 17.7.34009.444
MinimumVisualStudioVersion = 10.0.40219.1
Project("{9A19103F-16F7-4668-BE54-9A1E7A4F7556}") = "GameOfGooseTests", "GameOgGoose\GameOfGooseTests.csproj", "{97D34B4E-7575-472F-8807-89A1307D36EC}"
EndProject
Project("{FAE04EC0-301F-11D3-BF4B-00C04F79EFBC}") = "GameOfGoose", "GameOfGoose\GameOfGoose.csproj", "{384BFA13-C14C-4941-9CAA-76190406C4C9}"
EndProject
Global
	GlobalSection(SolutionConfigurationPlatforms) = preSolution
		Debug|Any CPU = Debug|Any CPU
		Release|Any CPU = Release|Any CPU
	EndGlobalSection
	GlobalSection(ProjectConfigurationPlatforms) = postSolution
		{97D34B4E-7575-472F-8807-89A1307D36EC}.Debug|Any CPU.ActiveCfg = Debug|Any CPU
		{97D34B4E-7575-472F-8807-89A1307D36EC}.Debug|Any CPU.Build.0 = Debug|Any CPU
		{97D34B4E-7575-472F-8807-89A1307D36EC}.Release|Any CPU.ActiveCfg = Release|Any CPU
		{97D34B4E-7575-472F-8807-89A1307D36EC}.Release|Any CPU.Build.0 = Release|Any CPU
		{384BFA13-C14C-4941-9CAA-76190406C4C9}.Debug|Any CPU.ActiveCfg = Debug|Any CPU
		{384BFA13-C14C-4941-9CAA-76190406C4C9}.Debug|Any CPU.Build.0 = Debug|Any CPU
		{384BFA13-C14C-4941-9CAA-76190406C4C9}.Release|Any CPU.ActiveCfg = Release|Any CPU
		{384BFA13-C14C-4941-9CAA-76190406C4C9}.Release|Any CPU.Build.0 = Release|Any CPU
	EndGlobalSection
	GlobalSection(SolutionProperties) = preSolution
		HideSolutionNode = FALSE
	EndGlobalSection
	GlobalSection(ExtensibilityGlobals) = postSolution
		SolutionGuid = {42FF51FC-92B9-4ABF-BF3F-553BD4E21E80}
	EndGlobalSection
EndGlobal
